
Microsoft Visual Studio Solution File, Format Version 12.00
# Visual Studio Version 16
VisualStudioVersion = 16.0.30413.136
MinimumVisualStudioVersion = 10.0.40219.1
Project("{FAE04EC0-301F-11D3-BF4B-00C04F79EFBC}") = "OOP - Skola 6", "OOP - Skola 6\OOP - Skola 6.csproj", "{9B961011-CF88-45F9-823B-2B00C80260DF}"
EndProject
Global
	GlobalSection(SolutionConfigurationPlatforms) = preSolution
		Debug|Any CPU = Debug|Any CPU
		Release|Any CPU = Release|Any CPU
	EndGlobalSection
	GlobalSection(ProjectConfigurationPlatforms) = postSolution
		{9B961011-CF88-45F9-823B-2B00C80260DF}.Debug|Any CPU.ActiveCfg = Debug|Any CPU
		{9B961011-CF88-45F9-823B-2B00C80260DF}.Debug|Any CPU.Build.0 = Debug|Any CPU
		{9B961011-CF88-45F9-823B-2B00C80260DF}.Release|Any CPU.ActiveCfg = Release|Any CPU
		{9B961011-CF88-45F9-823B-2B00C80260DF}.Release|Any CPU.Build.0 = Release|Any CPU
	EndGlobalSection
	GlobalSection(SolutionProperties) = preSolution
		HideSolutionNode = FALSE
	EndGlobalSection
	GlobalSection(ExtensibilityGlobals) = postSolution
		SolutionGuid = {14BBA7F6-760C-47C5-8AE2-8CAC0E8ED695}
	EndGlobalSection
EndGlobal
